
Microsoft Visual Studio Solution File, Format Version 12.00
# Visual Studio Version 16
VisualStudioVersion = 16.0.809.1
MinimumVisualStudioVersion = 10.0.40219.1
Project("{FAE04EC0-301F-11D3-BF4B-00C04F79EFBC}") = "BlazorSwordDamage", "BlazorSwordDamage\BlazorSwordDamage.csproj", "{DDF58F89-E19C-433B-B997-009804051B73}"
EndProject
Global
	GlobalSection(SolutionConfigurationPlatforms) = preSolution
		Debug|Any CPU = Debug|Any CPU
		Release|Any CPU = Release|Any CPU
	EndGlobalSection
	GlobalSection(ProjectConfigurationPlatforms) = postSolution
		{DDF58F89-E19C-433B-B997-009804051B73}.Debug|Any CPU.ActiveCfg = Debug|Any CPU
		{DDF58F89-E19C-433B-B997-009804051B73}.Debug|Any CPU.Build.0 = Debug|Any CPU
		{DDF58F89-E19C-433B-B997-009804051B73}.Release|Any CPU.ActiveCfg = Release|Any CPU
		{DDF58F89-E19C-433B-B997-009804051B73}.Release|Any CPU.Build.0 = Release|Any CPU
	EndGlobalSection
	GlobalSection(SolutionProperties) = preSolution
		HideSolutionNode = FALSE
	EndGlobalSection
	GlobalSection(ExtensibilityGlobals) = postSolution
		SolutionGuid = {5BC17042-3263-46F6-A841-D744281D7DB6}
	EndGlobalSection
EndGlobal
