
Microsoft Visual Studio Solution File, Format Version 12.00
# Visual Studio Version 16
VisualStudioVersion = 16.0.809.1
MinimumVisualStudioVersion = 10.0.40219.1
Project("{FAE04EC0-301F-11D3-BF4B-00C04F79EFBC}") = "HiLoGame", "HiLoGame\HiLoGame.csproj", "{84453F6F-F7DD-47FA-A5BB-A09023A9677E}"
EndProject
Global
	GlobalSection(SolutionConfigurationPlatforms) = preSolution
		Debug|Any CPU = Debug|Any CPU
		Release|Any CPU = Release|Any CPU
	EndGlobalSection
	GlobalSection(ProjectConfigurationPlatforms) = postSolution
		{84453F6F-F7DD-47FA-A5BB-A09023A9677E}.Debug|Any CPU.ActiveCfg = Debug|Any CPU
		{84453F6F-F7DD-47FA-A5BB-A09023A9677E}.Debug|Any CPU.Build.0 = Debug|Any CPU
		{84453F6F-F7DD-47FA-A5BB-A09023A9677E}.Release|Any CPU.ActiveCfg = Release|Any CPU
		{84453F6F-F7DD-47FA-A5BB-A09023A9677E}.Release|Any CPU.Build.0 = Release|Any CPU
	EndGlobalSection
	GlobalSection(SolutionProperties) = preSolution
		HideSolutionNode = FALSE
	EndGlobalSection
	GlobalSection(ExtensibilityGlobals) = postSolution
		SolutionGuid = {FD22890B-7C74-4E39-BD47-6B5453494967}
	EndGlobalSection
EndGlobal
