
Microsoft Visual Studio Solution File, Format Version 12.00
# Visual Studio Version 16
VisualStudioVersion = 16.0.808.5
MinimumVisualStudioVersion = 10.0.40219.1
Project("{FAE04EC0-301F-11D3-BF4B-00C04F79EFBC}") = "BlazorMatchGame", "BlazorMatchGame\BlazorMatchGame.csproj", "{C1521880-D6D2-46AB-8A64-7A7A9DA9629D}"
EndProject
Global
	GlobalSection(SolutionConfigurationPlatforms) = preSolution
		Debug|Any CPU = Debug|Any CPU
		Release|Any CPU = Release|Any CPU
	EndGlobalSection
	GlobalSection(ProjectConfigurationPlatforms) = postSolution
		{C1521880-D6D2-46AB-8A64-7A7A9DA9629D}.Debug|Any CPU.ActiveCfg = Debug|Any CPU
		{C1521880-D6D2-46AB-8A64-7A7A9DA9629D}.Debug|Any CPU.Build.0 = Debug|Any CPU
		{C1521880-D6D2-46AB-8A64-7A7A9DA9629D}.Release|Any CPU.ActiveCfg = Release|Any CPU
		{C1521880-D6D2-46AB-8A64-7A7A9DA9629D}.Release|Any CPU.Build.0 = Release|Any CPU
	EndGlobalSection
	GlobalSection(SolutionProperties) = preSolution
		HideSolutionNode = FALSE
	EndGlobalSection
	GlobalSection(ExtensibilityGlobals) = postSolution
		SolutionGuid = {4CBBDF09-2B39-423C-A0C1-C7EC65EFC08A}
	EndGlobalSection
EndGlobal
