
Microsoft Visual Studio Solution File, Format Version 12.00
# Visual Studio Version 16
VisualStudioVersion = 16.0.808.5
MinimumVisualStudioVersion = 10.0.40219.1
Project("{FAE04EC0-301F-11D3-BF4B-00C04F79EFBC}") = "MyFirstConsoleApp", "MyFirstConsoleApp\MyFirstConsoleApp.csproj", "{8B5658A0-CDF6-4129-BF33-922662F30E68}"
EndProject
Global
	GlobalSection(SolutionConfigurationPlatforms) = preSolution
		Debug|Any CPU = Debug|Any CPU
		Release|Any CPU = Release|Any CPU
	EndGlobalSection
	GlobalSection(ProjectConfigurationPlatforms) = postSolution
		{8B5658A0-CDF6-4129-BF33-922662F30E68}.Debug|Any CPU.ActiveCfg = Debug|Any CPU
		{8B5658A0-CDF6-4129-BF33-922662F30E68}.Debug|Any CPU.Build.0 = Debug|Any CPU
		{8B5658A0-CDF6-4129-BF33-922662F30E68}.Release|Any CPU.ActiveCfg = Release|Any CPU
		{8B5658A0-CDF6-4129-BF33-922662F30E68}.Release|Any CPU.Build.0 = Release|Any CPU
	EndGlobalSection
	GlobalSection(SolutionProperties) = preSolution
		HideSolutionNode = FALSE
	EndGlobalSection
	GlobalSection(ExtensibilityGlobals) = postSolution
		SolutionGuid = {62872712-B400-418F-9F12-9BA94D6B500E}
	EndGlobalSection
EndGlobal
